# This file is automatically @generated by Cargo.
# It is not intended for manual editing.
version = 4

[[package]]
name = "cli"
version = "0.0.0"
dependencies = [
 "compile",
 "syntax",
]

[[package]]
name = "compile"
version = "0.0.0"
dependencies = [
 "syntax",
]

[[package]]
name = "syntax"
version = "0.0.0"
